
Microsoft Visual Studio Solution File, Format Version 12.00
# Visual Studio Version 17
VisualStudioVersion = 17.3.32825.248
MinimumVisualStudioVersion = 10.0.40219.1
Project("{FAE04EC0-301F-11D3-BF4B-00C04F79EFBC}") = "MiBlocDeNotas", "MiBlocDeNotas\MiBlocDeNotas.csproj", "{CD280BE9-D584-4666-93DA-22E39F6D545C}"
EndProject
Global
	GlobalSection(SolutionConfigurationPlatforms) = preSolution
		Debug|Any CPU = Debug|Any CPU
		Release|Any CPU = Release|Any CPU
	EndGlobalSection
	GlobalSection(ProjectConfigurationPlatforms) = postSolution
		{CD280BE9-D584-4666-93DA-22E39F6D545C}.Debug|Any CPU.ActiveCfg = Debug|Any CPU
		{CD280BE9-D584-4666-93DA-22E39F6D545C}.Debug|Any CPU.Build.0 = Debug|Any CPU
		{CD280BE9-D584-4666-93DA-22E39F6D545C}.Release|Any CPU.ActiveCfg = Release|Any CPU
		{CD280BE9-D584-4666-93DA-22E39F6D545C}.Release|Any CPU.Build.0 = Release|Any CPU
	EndGlobalSection
	GlobalSection(SolutionProperties) = preSolution
		HideSolutionNode = FALSE
	EndGlobalSection
	GlobalSection(ExtensibilityGlobals) = postSolution
		SolutionGuid = {BA257D6A-F0F5-490D-AA2F-82407FA10EF2}
	EndGlobalSection
EndGlobal
